
Microsoft Visual Studio Solution File, Format Version 12.00
# Visual Studio Version 17
VisualStudioVersion = 17.1.32210.238
MinimumVisualStudioVersion = 10.0.40219.1
Project("{FAE04EC0-301F-11D3-BF4B-00C04F79EFBC}") = "OOPExercise", "OOPExercise\OOPExercise.csproj", "{5711CBC1-8AF1-45B1-80BA-4A646000E801}"
EndProject
Global
	GlobalSection(SolutionConfigurationPlatforms) = preSolution
		Debug|Any CPU = Debug|Any CPU
		Release|Any CPU = Release|Any CPU
	EndGlobalSection
	GlobalSection(ProjectConfigurationPlatforms) = postSolution
		{5711CBC1-8AF1-45B1-80BA-4A646000E801}.Debug|Any CPU.ActiveCfg = Debug|Any CPU
		{5711CBC1-8AF1-45B1-80BA-4A646000E801}.Debug|Any CPU.Build.0 = Debug|Any CPU
		{5711CBC1-8AF1-45B1-80BA-4A646000E801}.Release|Any CPU.ActiveCfg = Release|Any CPU
		{5711CBC1-8AF1-45B1-80BA-4A646000E801}.Release|Any CPU.Build.0 = Release|Any CPU
	EndGlobalSection
	GlobalSection(SolutionProperties) = preSolution
		HideSolutionNode = FALSE
	EndGlobalSection
	GlobalSection(ExtensibilityGlobals) = postSolution
		SolutionGuid = {4C7FD340-2081-41DC-8EE0-BDD6793643AE}
	EndGlobalSection
EndGlobal
